
Microsoft Visual Studio Solution File, Format Version 11.00
# Visual Studio 2010
Project("{FAE04EC0-301F-11D3-BF4B-00C04F79EFBC}") = "Assembly-CSharp", "Assembly-CSharp.csproj", "{D4914392-344B-FADD-6839-CD60485A6215}"
EndProject
Project("{FAE04EC0-301F-11D3-BF4B-00C04F79EFBC}") = "NavMeshComponentsExamples", "NavMeshComponentsExamples.csproj", "{4D5590AA-BF93-EEB9-1373-44DDF7A64B6D}"
EndProject
Project("{FAE04EC0-301F-11D3-BF4B-00C04F79EFBC}") = "NavMeshComponents", "NavMeshComponents.csproj", "{B133354B-F151-2818-9C2D-9657A4C06511}"
EndProject
Project("{FAE04EC0-301F-11D3-BF4B-00C04F79EFBC}") = "NavMeshComponentsPlaymodeTests", "NavMeshComponentsPlaymodeTests.csproj", "{BD57BCBA-3A70-7B11-BCEA-242B027DC7B3}"
EndProject
Project("{FAE04EC0-301F-11D3-BF4B-00C04F79EFBC}") = "NavMeshComponentsEditor", "NavMeshComponentsEditor.csproj", "{3900C061-0611-A2DA-EB4F-5DDFCF4C576F}"
EndProject
Project("{FAE04EC0-301F-11D3-BF4B-00C04F79EFBC}") = "Assembly-CSharp-Editor", "Assembly-CSharp-Editor.csproj", "{1B8EBCCC-2064-BA1B-347F-42C44641B9CA}"
EndProject
Project("{FAE04EC0-301F-11D3-BF4B-00C04F79EFBC}") = "NavMeshComponentsExamplesEditor", "NavMeshComponentsExamplesEditor.csproj", "{35298D52-572E-61C1-F097-AF6570B5C392}"
EndProject
Global
	GlobalSection(SolutionConfigurationPlatforms) = preSolution
		Debug|Any CPU = Debug|Any CPU
		Release|Any CPU = Release|Any CPU
	EndGlobalSection
	GlobalSection(ProjectConfigurationPlatforms) = postSolution
		{D4914392-344B-FADD-6839-CD60485A6215}.Debug|Any CPU.ActiveCfg = Debug|Any CPU
		{D4914392-344B-FADD-6839-CD60485A6215}.Debug|Any CPU.Build.0 = Debug|Any CPU
		{D4914392-344B-FADD-6839-CD60485A6215}.Release|Any CPU.ActiveCfg = Release|Any CPU
		{D4914392-344B-FADD-6839-CD60485A6215}.Release|Any CPU.Build.0 = Release|Any CPU
		{4D5590AA-BF93-EEB9-1373-44DDF7A64B6D}.Debug|Any CPU.ActiveCfg = Debug|Any CPU
		{4D5590AA-BF93-EEB9-1373-44DDF7A64B6D}.Debug|Any CPU.Build.0 = Debug|Any CPU
		{4D5590AA-BF93-EEB9-1373-44DDF7A64B6D}.Release|Any CPU.ActiveCfg = Release|Any CPU
		{4D5590AA-BF93-EEB9-1373-44DDF7A64B6D}.Release|Any CPU.Build.0 = Release|Any CPU
		{B133354B-F151-2818-9C2D-9657A4C06511}.Debug|Any CPU.ActiveCfg = Debug|Any CPU
		{B133354B-F151-2818-9C2D-9657A4C06511}.Debug|Any CPU.Build.0 = Debug|Any CPU
		{B133354B-F151-2818-9C2D-9657A4C06511}.Release|Any CPU.ActiveCfg = Release|Any CPU
		{B133354B-F151-2818-9C2D-9657A4C06511}.Release|Any CPU.Build.0 = Release|Any CPU
		{BD57BCBA-3A70-7B11-BCEA-242B027DC7B3}.Debug|Any CPU.ActiveCfg = Debug|Any CPU
		{BD57BCBA-3A70-7B11-BCEA-242B027DC7B3}.Debug|Any CPU.Build.0 = Debug|Any CPU
		{BD57BCBA-3A70-7B11-BCEA-242B027DC7B3}.Release|Any CPU.ActiveCfg = Release|Any CPU
		{BD57BCBA-3A70-7B11-BCEA-242B027DC7B3}.Release|Any CPU.Build.0 = Release|Any CPU
		{3900C061-0611-A2DA-EB4F-5DDFCF4C576F}.Debug|Any CPU.ActiveCfg = Debug|Any CPU
		{3900C061-0611-A2DA-EB4F-5DDFCF4C576F}.Debug|Any CPU.Build.0 = Debug|Any CPU
		{3900C061-0611-A2DA-EB4F-5DDFCF4C576F}.Release|Any CPU.ActiveCfg = Release|Any CPU
		{3900C061-0611-A2DA-EB4F-5DDFCF4C576F}.Release|Any CPU.Build.0 = Release|Any CPU
		{1B8EBCCC-2064-BA1B-347F-42C44641B9CA}.Debug|Any CPU.ActiveCfg = Debug|Any CPU
		{1B8EBCCC-2064-BA1B-347F-42C44641B9CA}.Debug|Any CPU.Build.0 = Debug|Any CPU
		{1B8EBCCC-2064-BA1B-347F-42C44641B9CA}.Release|Any CPU.ActiveCfg = Release|Any CPU
		{1B8EBCCC-2064-BA1B-347F-42C44641B9CA}.Release|Any CPU.Build.0 = Release|Any CPU
		{35298D52-572E-61C1-F097-AF6570B5C392}.Debug|Any CPU.ActiveCfg = Debug|Any CPU
		{35298D52-572E-61C1-F097-AF6570B5C392}.Debug|Any CPU.Build.0 = Debug|Any CPU
		{35298D52-572E-61C1-F097-AF6570B5C392}.Release|Any CPU.ActiveCfg = Release|Any CPU
		{35298D52-572E-61C1-F097-AF6570B5C392}.Release|Any CPU.Build.0 = Release|Any CPU
	EndGlobalSection
	GlobalSection(SolutionProperties) = preSolution
		HideSolutionNode = FALSE
	EndGlobalSection
	GlobalSection(MonoDevelopProperties) = preSolution
		StartupItem = Assembly-CSharp.csproj
	EndGlobalSection
EndGlobal
